
Microsoft Visual Studio Solution File, Format Version 12.00
# Visual Studio 15
VisualStudioVersion = 15.0.26124.0
MinimumVisualStudioVersion = 15.0.26124.0
Project("{F2A71F9B-5D33-465A-A702-920D77279786}") = "Oryx", "src\Oryx.fsproj", "{C0A7021A-55E6-4D17-838A-F343CBC644E9}"
EndProject
Project("{F2A71F9B-5D33-465A-A702-920D77279786}") = "Tests", "test\Tests.fsproj", "{708710D0-07E1-4CDB-AB4C-B86E90A74426}"
EndProject
Project("{F2A71F9B-5D33-465A-A702-920D77279786}") = "benchmark", "benchmark\benchmark.fsproj", "{218FB8E8-EBE7-4B37-98A4-F455151073E0}"
EndProject
Project("{2150E333-8FDC-42A3-9474-1A3956D46DE8}") = "extensions", "extensions", "{C9E10FD9-70B4-421A-BDB1-421F5901CB7C}"
EndProject
Project("{F2A71F9B-5D33-465A-A702-920D77279786}") = "Oryx.Protobuf", "extensions\Oryx.Protobuf\Oryx.Protobuf.fsproj", "{EDBBC8E4-1CAF-41BA-B945-6AC59717D720}"
EndProject
Project("{F2A71F9B-5D33-465A-A702-920D77279786}") = "Oryx.SystemTextJson", "extensions\Oryx.SystemTextJson\Oryx.SystemTextJson.fsproj", "{7977D785-185E-4265-94B0-8A9FE393819B}"
EndProject
Project("{F2A71F9B-5D33-465A-A702-920D77279786}") = "Oryx.NewtonsoftJson", "extensions\Oryx.NewtonsoftJson\Oryx.NewtonsoftJson.fsproj", "{8C47B752-4CF2-4CAA-BD24-2573DC7CC677}"
EndProject
Project("{F2A71F9B-5D33-465A-A702-920D77279786}") = "Oryx.ThothJsonNet", "extensions\Oryx.ThothJsonNet\Oryx.ThothJsonNet.fsproj", "{535AE660-B32C-4833-8C7B-A8DAEA8799E1}"
EndProject
Project("{F2A71F9B-5D33-465A-A702-920D77279786}") = "examples", "examples\examples.fsproj", "{755A4763-1976-41A1-91A2-FFB772343479}"
EndProject
Global
	GlobalSection(SolutionConfigurationPlatforms) = preSolution
		Debug|Any CPU = Debug|Any CPU
		Debug|x64 = Debug|x64
		Debug|x86 = Debug|x86
		Release|Any CPU = Release|Any CPU
		Release|x64 = Release|x64
		Release|x86 = Release|x86
	EndGlobalSection
	GlobalSection(SolutionProperties) = preSolution
		HideSolutionNode = FALSE
	EndGlobalSection
	GlobalSection(ProjectConfigurationPlatforms) = postSolution
		{C0A7021A-55E6-4D17-838A-F343CBC644E9}.Debug|Any CPU.ActiveCfg = Debug|Any CPU
		{C0A7021A-55E6-4D17-838A-F343CBC644E9}.Debug|Any CPU.Build.0 = Debug|Any CPU
		{C0A7021A-55E6-4D17-838A-F343CBC644E9}.Debug|x64.ActiveCfg = Debug|Any CPU
		{C0A7021A-55E6-4D17-838A-F343CBC644E9}.Debug|x64.Build.0 = Debug|Any CPU
		{C0A7021A-55E6-4D17-838A-F343CBC644E9}.Debug|x86.ActiveCfg = Debug|Any CPU
		{C0A7021A-55E6-4D17-838A-F343CBC644E9}.Debug|x86.Build.0 = Debug|Any CPU
		{C0A7021A-55E6-4D17-838A-F343CBC644E9}.Release|Any CPU.ActiveCfg = Release|Any CPU
		{C0A7021A-55E6-4D17-838A-F343CBC644E9}.Release|Any CPU.Build.0 = Release|Any CPU
		{C0A7021A-55E6-4D17-838A-F343CBC644E9}.Release|x64.ActiveCfg = Release|Any CPU
		{C0A7021A-55E6-4D17-838A-F343CBC644E9}.Release|x64.Build.0 = Release|Any CPU
		{C0A7021A-55E6-4D17-838A-F343CBC644E9}.Release|x86.ActiveCfg = Release|Any CPU
		{C0A7021A-55E6-4D17-838A-F343CBC644E9}.Release|x86.Build.0 = Release|Any CPU
		{708710D0-07E1-4CDB-AB4C-B86E90A74426}.Debug|Any CPU.ActiveCfg = Debug|Any CPU
		{708710D0-07E1-4CDB-AB4C-B86E90A74426}.Debug|Any CPU.Build.0 = Debug|Any CPU
		{708710D0-07E1-4CDB-AB4C-B86E90A74426}.Debug|x64.ActiveCfg = Debug|Any CPU
		{708710D0-07E1-4CDB-AB4C-B86E90A74426}.Debug|x64.Build.0 = Debug|Any CPU
		{708710D0-07E1-4CDB-AB4C-B86E90A74426}.Debug|x86.ActiveCfg = Debug|Any CPU
		{708710D0-07E1-4CDB-AB4C-B86E90A74426}.Debug|x86.Build.0 = Debug|Any CPU
		{708710D0-07E1-4CDB-AB4C-B86E90A74426}.Release|Any CPU.ActiveCfg = Release|Any CPU
		{708710D0-07E1-4CDB-AB4C-B86E90A74426}.Release|Any CPU.Build.0 = Release|Any CPU
		{708710D0-07E1-4CDB-AB4C-B86E90A74426}.Release|x64.ActiveCfg = Release|Any CPU
		{708710D0-07E1-4CDB-AB4C-B86E90A74426}.Release|x64.Build.0 = Release|Any CPU
		{708710D0-07E1-4CDB-AB4C-B86E90A74426}.Release|x86.ActiveCfg = Release|Any CPU
		{708710D0-07E1-4CDB-AB4C-B86E90A74426}.Release|x86.Build.0 = Release|Any CPU
		{218FB8E8-EBE7-4B37-98A4-F455151073E0}.Debug|Any CPU.ActiveCfg = Debug|Any CPU
		{218FB8E8-EBE7-4B37-98A4-F455151073E0}.Debug|Any CPU.Build.0 = Debug|Any CPU
		{218FB8E8-EBE7-4B37-98A4-F455151073E0}.Debug|x64.ActiveCfg = Debug|Any CPU
		{218FB8E8-EBE7-4B37-98A4-F455151073E0}.Debug|x64.Build.0 = Debug|Any CPU
		{218FB8E8-EBE7-4B37-98A4-F455151073E0}.Debug|x86.ActiveCfg = Debug|Any CPU
		{218FB8E8-EBE7-4B37-98A4-F455151073E0}.Debug|x86.Build.0 = Debug|Any CPU
		{218FB8E8-EBE7-4B37-98A4-F455151073E0}.Release|Any CPU.ActiveCfg = Release|Any CPU
		{218FB8E8-EBE7-4B37-98A4-F455151073E0}.Release|Any CPU.Build.0 = Release|Any CPU
		{218FB8E8-EBE7-4B37-98A4-F455151073E0}.Release|x64.ActiveCfg = Release|Any CPU
		{218FB8E8-EBE7-4B37-98A4-F455151073E0}.Release|x64.Build.0 = Release|Any CPU
		{218FB8E8-EBE7-4B37-98A4-F455151073E0}.Release|x86.ActiveCfg = Release|Any CPU
		{218FB8E8-EBE7-4B37-98A4-F455151073E0}.Release|x86.Build.0 = Release|Any CPU
		{EDBBC8E4-1CAF-41BA-B945-6AC59717D720}.Debug|Any CPU.ActiveCfg = Debug|Any CPU
		{EDBBC8E4-1CAF-41BA-B945-6AC59717D720}.Debug|Any CPU.Build.0 = Debug|Any CPU
		{EDBBC8E4-1CAF-41BA-B945-6AC59717D720}.Debug|x64.ActiveCfg = Debug|Any CPU
		{EDBBC8E4-1CAF-41BA-B945-6AC59717D720}.Debug|x64.Build.0 = Debug|Any CPU
		{EDBBC8E4-1CAF-41BA-B945-6AC59717D720}.Debug|x86.ActiveCfg = Debug|Any CPU
		{EDBBC8E4-1CAF-41BA-B945-6AC59717D720}.Debug|x86.Build.0 = Debug|Any CPU
		{EDBBC8E4-1CAF-41BA-B945-6AC59717D720}.Release|Any CPU.ActiveCfg = Release|Any CPU
		{EDBBC8E4-1CAF-41BA-B945-6AC59717D720}.Release|Any CPU.Build.0 = Release|Any CPU
		{EDBBC8E4-1CAF-41BA-B945-6AC59717D720}.Release|x64.ActiveCfg = Release|Any CPU
		{EDBBC8E4-1CAF-41BA-B945-6AC59717D720}.Release|x64.Build.0 = Release|Any CPU
		{EDBBC8E4-1CAF-41BA-B945-6AC59717D720}.Release|x86.ActiveCfg = Release|Any CPU
		{EDBBC8E4-1CAF-41BA-B945-6AC59717D720}.Release|x86.Build.0 = Release|Any CPU
		{7977D785-185E-4265-94B0-8A9FE393819B}.Debug|Any CPU.ActiveCfg = Debug|Any CPU
		{7977D785-185E-4265-94B0-8A9FE393819B}.Debug|Any CPU.Build.0 = Debug|Any CPU
		{7977D785-185E-4265-94B0-8A9FE393819B}.Debug|x64.ActiveCfg = Debug|Any CPU
		{7977D785-185E-4265-94B0-8A9FE393819B}.Debug|x64.Build.0 = Debug|Any CPU
		{7977D785-185E-4265-94B0-8A9FE393819B}.Debug|x86.ActiveCfg = Debug|Any CPU
		{7977D785-185E-4265-94B0-8A9FE393819B}.Debug|x86.Build.0 = Debug|Any CPU
		{7977D785-185E-4265-94B0-8A9FE393819B}.Release|Any CPU.ActiveCfg = Release|Any CPU
		{7977D785-185E-4265-94B0-8A9FE393819B}.Release|Any CPU.Build.0 = Release|Any CPU
		{7977D785-185E-4265-94B0-8A9FE393819B}.Release|x64.ActiveCfg = Release|Any CPU
		{7977D785-185E-4265-94B0-8A9FE393819B}.Release|x64.Build.0 = Release|Any CPU
		{7977D785-185E-4265-94B0-8A9FE393819B}.Release|x86.ActiveCfg = Release|Any CPU
		{7977D785-185E-4265-94B0-8A9FE393819B}.Release|x86.Build.0 = Release|Any CPU
		{8C47B752-4CF2-4CAA-BD24-2573DC7CC677}.Debug|Any CPU.ActiveCfg = Debug|Any CPU
		{8C47B752-4CF2-4CAA-BD24-2573DC7CC677}.Debug|Any CPU.Build.0 = Debug|Any CPU
		{8C47B752-4CF2-4CAA-BD24-2573DC7CC677}.Debug|x64.ActiveCfg = Debug|Any CPU
		{8C47B752-4CF2-4CAA-BD24-2573DC7CC677}.Debug|x64.Build.0 = Debug|Any CPU
		{8C47B752-4CF2-4CAA-BD24-2573DC7CC677}.Debug|x86.ActiveCfg = Debug|Any CPU
		{8C47B752-4CF2-4CAA-BD24-2573DC7CC677}.Debug|x86.Build.0 = Debug|Any CPU
		{8C47B752-4CF2-4CAA-BD24-2573DC7CC677}.Release|Any CPU.ActiveCfg = Release|Any CPU
		{8C47B752-4CF2-4CAA-BD24-2573DC7CC677}.Release|Any CPU.Build.0 = Release|Any CPU
		{8C47B752-4CF2-4CAA-BD24-2573DC7CC677}.Release|x64.ActiveCfg = Release|Any CPU
		{8C47B752-4CF2-4CAA-BD24-2573DC7CC677}.Release|x64.Build.0 = Release|Any CPU
		{8C47B752-4CF2-4CAA-BD24-2573DC7CC677}.Release|x86.ActiveCfg = Release|Any CPU
		{8C47B752-4CF2-4CAA-BD24-2573DC7CC677}.Release|x86.Build.0 = Release|Any CPU
		{535AE660-B32C-4833-8C7B-A8DAEA8799E1}.Debug|Any CPU.ActiveCfg = Debug|Any CPU
		{535AE660-B32C-4833-8C7B-A8DAEA8799E1}.Debug|Any CPU.Build.0 = Debug|Any CPU
		{535AE660-B32C-4833-8C7B-A8DAEA8799E1}.Debug|x64.ActiveCfg = Debug|Any CPU
		{535AE660-B32C-4833-8C7B-A8DAEA8799E1}.Debug|x64.Build.0 = Debug|Any CPU
		{535AE660-B32C-4833-8C7B-A8DAEA8799E1}.Debug|x86.ActiveCfg = Debug|Any CPU
		{535AE660-B32C-4833-8C7B-A8DAEA8799E1}.Debug|x86.Build.0 = Debug|Any CPU
		{535AE660-B32C-4833-8C7B-A8DAEA8799E1}.Release|Any CPU.ActiveCfg = Release|Any CPU
		{535AE660-B32C-4833-8C7B-A8DAEA8799E1}.Release|Any CPU.Build.0 = Release|Any CPU
		{535AE660-B32C-4833-8C7B-A8DAEA8799E1}.Release|x64.ActiveCfg = Release|Any CPU
		{535AE660-B32C-4833-8C7B-A8DAEA8799E1}.Release|x64.Build.0 = Release|Any CPU
		{535AE660-B32C-4833-8C7B-A8DAEA8799E1}.Release|x86.ActiveCfg = Release|Any CPU
		{535AE660-B32C-4833-8C7B-A8DAEA8799E1}.Release|x86.Build.0 = Release|Any CPU
		{755A4763-1976-41A1-91A2-FFB772343479}.Debug|Any CPU.ActiveCfg = Debug|Any CPU
		{755A4763-1976-41A1-91A2-FFB772343479}.Debug|Any CPU.Build.0 = Debug|Any CPU
		{755A4763-1976-41A1-91A2-FFB772343479}.Debug|x64.ActiveCfg = Debug|Any CPU
		{755A4763-1976-41A1-91A2-FFB772343479}.Debug|x64.Build.0 = Debug|Any CPU
		{755A4763-1976-41A1-91A2-FFB772343479}.Debug|x86.ActiveCfg = Debug|Any CPU
		{755A4763-1976-41A1-91A2-FFB772343479}.Debug|x86.Build.0 = Debug|Any CPU
		{755A4763-1976-41A1-91A2-FFB772343479}.Release|Any CPU.ActiveCfg = Release|Any CPU
		{755A4763-1976-41A1-91A2-FFB772343479}.Release|Any CPU.Build.0 = Release|Any CPU
		{755A4763-1976-41A1-91A2-FFB772343479}.Release|x64.ActiveCfg = Release|Any CPU
		{755A4763-1976-41A1-91A2-FFB772343479}.Release|x64.Build.0 = Release|Any CPU
		{755A4763-1976-41A1-91A2-FFB772343479}.Release|x86.ActiveCfg = Release|Any CPU
		{755A4763-1976-41A1-91A2-FFB772343479}.Release|x86.Build.0 = Release|Any CPU
	EndGlobalSection
	GlobalSection(NestedProjects) = preSolution
		{EDBBC8E4-1CAF-41BA-B945-6AC59717D720} = {C9E10FD9-70B4-421A-BDB1-421F5901CB7C}
		{7977D785-185E-4265-94B0-8A9FE393819B} = {C9E10FD9-70B4-421A-BDB1-421F5901CB7C}
		{8C47B752-4CF2-4CAA-BD24-2573DC7CC677} = {C9E10FD9-70B4-421A-BDB1-421F5901CB7C}
		{535AE660-B32C-4833-8C7B-A8DAEA8799E1} = {C9E10FD9-70B4-421A-BDB1-421F5901CB7C}
	EndGlobalSection
EndGlobal
