
Microsoft Visual Studio Solution File, Format Version 12.00
# Visual Studio 15
VisualStudioVersion = 15.0.26124.0
MinimumVisualStudioVersion = 15.0.26124.0
Project("{F2A71F9B-5D33-465A-A702-920D77279786}") = "Oryx", "src\Oryx.fsproj", "{C0A7021A-55E6-4D17-838A-F343CBC644E9}"
EndProject
Project("{F2A71F9B-5D33-465A-A702-920D77279786}") = "Tests", "test\Tests.fsproj", "{708710D0-07E1-4CDB-AB4C-B86E90A74426}"
EndProject
Global
	GlobalSection(SolutionConfigurationPlatforms) = preSolution
		Debug|Any CPU = Debug|Any CPU
		Debug|x64 = Debug|x64
		Debug|x86 = Debug|x86
		Release|Any CPU = Release|Any CPU
		Release|x64 = Release|x64
		Release|x86 = Release|x86
	EndGlobalSection
	GlobalSection(SolutionProperties) = preSolution
		HideSolutionNode = FALSE
	EndGlobalSection
	GlobalSection(ProjectConfigurationPlatforms) = postSolution
		{C0A7021A-55E6-4D17-838A-F343CBC644E9}.Debug|Any CPU.ActiveCfg = Debug|Any CPU
		{C0A7021A-55E6-4D17-838A-F343CBC644E9}.Debug|Any CPU.Build.0 = Debug|Any CPU
		{C0A7021A-55E6-4D17-838A-F343CBC644E9}.Debug|x64.ActiveCfg = Debug|Any CPU
		{C0A7021A-55E6-4D17-838A-F343CBC644E9}.Debug|x64.Build.0 = Debug|Any CPU
		{C0A7021A-55E6-4D17-838A-F343CBC644E9}.Debug|x86.ActiveCfg = Debug|Any CPU
		{C0A7021A-55E6-4D17-838A-F343CBC644E9}.Debug|x86.Build.0 = Debug|Any CPU
		{C0A7021A-55E6-4D17-838A-F343CBC644E9}.Release|Any CPU.ActiveCfg = Release|Any CPU
		{C0A7021A-55E6-4D17-838A-F343CBC644E9}.Release|Any CPU.Build.0 = Release|Any CPU
		{C0A7021A-55E6-4D17-838A-F343CBC644E9}.Release|x64.ActiveCfg = Release|Any CPU
		{C0A7021A-55E6-4D17-838A-F343CBC644E9}.Release|x64.Build.0 = Release|Any CPU
		{C0A7021A-55E6-4D17-838A-F343CBC644E9}.Release|x86.ActiveCfg = Release|Any CPU
		{C0A7021A-55E6-4D17-838A-F343CBC644E9}.Release|x86.Build.0 = Release|Any CPU
		{708710D0-07E1-4CDB-AB4C-B86E90A74426}.Debug|Any CPU.ActiveCfg = Debug|Any CPU
		{708710D0-07E1-4CDB-AB4C-B86E90A74426}.Debug|Any CPU.Build.0 = Debug|Any CPU
		{708710D0-07E1-4CDB-AB4C-B86E90A74426}.Debug|x64.ActiveCfg = Debug|Any CPU
		{708710D0-07E1-4CDB-AB4C-B86E90A74426}.Debug|x64.Build.0 = Debug|Any CPU
		{708710D0-07E1-4CDB-AB4C-B86E90A74426}.Debug|x86.ActiveCfg = Debug|Any CPU
		{708710D0-07E1-4CDB-AB4C-B86E90A74426}.Debug|x86.Build.0 = Debug|Any CPU
		{708710D0-07E1-4CDB-AB4C-B86E90A74426}.Release|Any CPU.ActiveCfg = Release|Any CPU
		{708710D0-07E1-4CDB-AB4C-B86E90A74426}.Release|Any CPU.Build.0 = Release|Any CPU
		{708710D0-07E1-4CDB-AB4C-B86E90A74426}.Release|x64.ActiveCfg = Release|Any CPU
		{708710D0-07E1-4CDB-AB4C-B86E90A74426}.Release|x64.Build.0 = Release|Any CPU
		{708710D0-07E1-4CDB-AB4C-B86E90A74426}.Release|x86.ActiveCfg = Release|Any CPU
		{708710D0-07E1-4CDB-AB4C-B86E90A74426}.Release|x86.Build.0 = Release|Any CPU
	EndGlobalSection
EndGlobal
